
Microsoft Visual Studio Solution File, Format Version 12.00
# Visual Studio Version 17
VisualStudioVersion = 17.4.33213.308
MinimumVisualStudioVersion = 10.0.40219.1
Project("{FAE04EC0-301F-11D3-BF4B-00C04F79EFBC}") = "RestaurantAPI", "RestaurantAPI\RestaurantAPI.csproj", "{134DFCEE-4F65-4B47-B6A1-F1BAEC2303CF}"
EndProject
Global
	GlobalSection(SolutionConfigurationPlatforms) = preSolution
		Debug|Any CPU = Debug|Any CPU
		Release|Any CPU = Release|Any CPU
	EndGlobalSection
	GlobalSection(ProjectConfigurationPlatforms) = postSolution
		{134DFCEE-4F65-4B47-B6A1-F1BAEC2303CF}.Debug|Any CPU.ActiveCfg = Debug|Any CPU
		{134DFCEE-4F65-4B47-B6A1-F1BAEC2303CF}.Debug|Any CPU.Build.0 = Debug|Any CPU
		{134DFCEE-4F65-4B47-B6A1-F1BAEC2303CF}.Release|Any CPU.ActiveCfg = Release|Any CPU
		{134DFCEE-4F65-4B47-B6A1-F1BAEC2303CF}.Release|Any CPU.Build.0 = Release|Any CPU
	EndGlobalSection
	GlobalSection(SolutionProperties) = preSolution
		HideSolutionNode = FALSE
	EndGlobalSection
	GlobalSection(ExtensibilityGlobals) = postSolution
		SolutionGuid = {B6D45ECD-FCA2-4F77-926D-3B96B5C8691C}
	EndGlobalSection
EndGlobal
